{
  "name": "haromizor",
  "version": "1.0.0",
  "lockfileVersion": 3,
  "requires": true,
  "packages": {
    "": {
      "name": "haromizor",
      "version": "1.0.0",
      "license": "ISC",
      "dependencies": {
        "midi-player-js": "^2.0.16",
        "midi-writer-js": "^2.1.4",
        "smplr": "^0.5.0"
      }
    },
    "node_modules/midi-player-js": {
      "version": "2.0.16",
      "resolved": "https://registry.npmjs.org/midi-player-js/-/midi-player-js-2.0.16.tgz",
      "integrity": "sha512-Y1yCRvvSjJjT5J4U8T4XTCDF1FLXtw8Otvq5BAmIob/2cj10aQUDrPDFByTWeuMRPu6/nLhusROc1DuTLCzRnw==",
      "hasInstallScript": true,
      "engines": {
        "node": ">=10.0.0"
      }
    },
    "node_modules/midi-writer-js": {
      "version": "2.1.4",
      "resolved": "https://registry.npmjs.org/midi-writer-js/-/midi-writer-js-2.1.4.tgz",
      "integrity": "sha512-gpc7TBg4a6XaKfdWSEbFof3eKLBiBHD4dGHF6sh/LW+5eTwTRgcu5+03eeDHa8ZSti6e5trAhT3KYbdmJ7ddJg==",
      "hasInstallScript": true,
      "dependencies": {
        "tonal-midi": "^0.69.7"
      }
    },
    "node_modules/note-parser": {
      "version": "2.0.1",
      "resolved": "https://registry.npmjs.org/note-parser/-/note-parser-2.0.1.tgz",
      "integrity": "sha512-w9o6Fv46y3NsFxeezTZSmftBtUM/ypme6iZWVrTJvvsD5RN+w0XNDePWtfreNrZFL3jSjBFhadPoXb+pJO4UdA=="
    },
    "node_modules/smplr": {
      "version": "0.5.0",
      "resolved": "https://registry.npmjs.org/smplr/-/smplr-0.5.0.tgz",
      "integrity": "sha512-Fwn4/7HySJjAvHx+5wbAIy9er+W8uBy8a5SIVM/lPqU27qHcef/p3KpRsviR8PieCxTEllw0vlyGlFJi+kuAtg==",
      "engines": {
        "node": ">=14.0.0"
      }
    },
    "node_modules/tonal-midi": {
      "version": "0.69.7",
      "resolved": "https://registry.npmjs.org/tonal-midi/-/tonal-midi-0.69.7.tgz",
      "integrity": "sha512-AY3YIuIm54HqMxhQgYmKXjjoCN7f6Y4GsF975Ao2aM8LcvcONk8uocN4T/PQI9K6i8yTfkK8aNYNQJjU59Z7ug==",
      "dependencies": {
        "note-parser": "^2.0.1"
      }
    }
  }
}
